{
  "version": "2",
  "remote": {
    "https://deno.land/std@0.150.0/media_types/_util.ts": "ce9b4fc4ba1c447dafab619055e20fd88236ca6bdd7834a21f98bd193c3fbfa1",
    "https://deno.land/std@0.150.0/media_types/mod.ts": "2d4b6f32a087029272dc59e0a55ae3cc4d1b27b794ccf528e94b1925795b3118",
    "https://deno.land/std@0.150.0/media_types/vendor/mime-db.v1.52.0.ts": "724cee25fa40f1a52d3937d6b4fbbfdd7791ff55e1b7ac08d9319d5632c7f5af",
    "https://deno.land/std@0.179.0/async/abortable.ts": "73acfb3ed7261ce0d930dbe89e43db8d34e017b063cf0eaa7d215477bf53442e",
    "https://deno.land/std@0.179.0/async/deadline.ts": "c5facb0b404eede83e38bd2717ea8ab34faa2ffb20ef87fd261fcba32ba307aa",
    "https://deno.land/std@0.179.0/async/debounce.ts": "adab11d04ca38d699444ac8a9d9856b4155e8dda2afd07ce78276c01ea5a4332",
    "https://deno.land/std@0.179.0/async/deferred.ts": "42790112f36a75a57db4a96d33974a936deb7b04d25c6084a9fa8a49f135def8",
    "https://deno.land/std@0.179.0/async/delay.ts": "73aa04cec034c84fc748c7be49bb15cac3dd43a57174bfdb7a4aec22c248f0dd",
    "https://deno.land/std@0.179.0/async/mod.ts": "f04344fa21738e5ad6bea37a6bfffd57c617c2d372bb9f9dcfd118a1b622e576",
    "https://deno.land/std@0.179.0/async/mux_async_iterator.ts": "70c7f2ee4e9466161350473ad61cac0b9f115cff4c552eaa7ef9d50c4cbb4cc9",
    "https://deno.land/std@0.179.0/async/pool.ts": "fd082bd4aaf26445909889435a5c74334c017847842ec035739b4ae637ae8260",
    "https://deno.land/std@0.179.0/async/retry.ts": "5efa3ba450ac0c07a40a82e2df296287b5013755d232049efd7ea2244f15b20f",
    "https://deno.land/std@0.179.0/async/tee.ts": "47e42d35f622650b02234d43803d0383a89eb4387e1b83b5a40106d18ae36757",
    "https://deno.land/std@0.180.0/collections/filter_values.ts": "5b9feaf17b9a6e5ffccdd36cf6f38fa4ffa94cff2602d381c2ad0c2a97929652",
    "https://deno.land/std@0.180.0/collections/without_all.ts": "a89f5da0b5830defed4f59666e188df411d8fece35a5f6ca69be6ca71a95c185",
    "https://deno.land/std@0.180.0/dotenv/load.ts": "0636983549b98f29ab75c9a22a42d9723f0a389ece5498fe971e7bb2556a12e2",
    "https://deno.land/std@0.180.0/dotenv/mod.ts": "8dcbc8a40b896a0bf094582aaeadbfc76d3528872faf2efc0302beb1d2f6afd0",
    "https://deno.land/std@0.181.0/_util/asserts.ts": "178dfc49a464aee693a7e285567b3d0b555dc805ff490505a8aae34f9cfb1462",
    "https://deno.land/std@0.181.0/async/abortable.ts": "fd682fa46f3b7b16b4606a5ab52a7ce309434b76f820d3221bdfb862719a15d7",
    "https://deno.land/std@0.181.0/async/deadline.ts": "c5facb0b404eede83e38bd2717ea8ab34faa2ffb20ef87fd261fcba32ba307aa",
    "https://deno.land/std@0.181.0/async/debounce.ts": "adab11d04ca38d699444ac8a9d9856b4155e8dda2afd07ce78276c01ea5a4332",
    "https://deno.land/std@0.181.0/async/deferred.ts": "42790112f36a75a57db4a96d33974a936deb7b04d25c6084a9fa8a49f135def8",
    "https://deno.land/std@0.181.0/async/delay.ts": "73aa04cec034c84fc748c7be49bb15cac3dd43a57174bfdb7a4aec22c248f0dd",
    "https://deno.land/std@0.181.0/async/mod.ts": "f04344fa21738e5ad6bea37a6bfffd57c617c2d372bb9f9dcfd118a1b622e576",
    "https://deno.land/std@0.181.0/async/mux_async_iterator.ts": "70c7f2ee4e9466161350473ad61cac0b9f115cff4c552eaa7ef9d50c4cbb4cc9",
    "https://deno.land/std@0.181.0/async/pool.ts": "fd082bd4aaf26445909889435a5c74334c017847842ec035739b4ae637ae8260",
    "https://deno.land/std@0.181.0/async/retry.ts": "dd19d93033d8eaddbfcb7654c0366e9d3b0a21448bdb06eba4a7d8a8cf936a92",
    "https://deno.land/std@0.181.0/async/tee.ts": "47e42d35f622650b02234d43803d0383a89eb4387e1b83b5a40106d18ae36757",
    "https://deno.land/std@0.181.0/bytes/copy.ts": "939d89e302a9761dcf1d9c937c7711174ed74c59eef40a1e4569a05c9de88219",
    "https://deno.land/std@0.181.0/datetime/to_imf.ts": "8f9c0af8b167031ffe2e03da01a12a3b0672cc7562f89c61942a0ab0129771b2",
    "https://deno.land/std@0.181.0/fmt/colors.ts": "d67e3cd9f472535241a8e410d33423980bec45047e343577554d3356e1f0ef4e",
    "https://deno.land/std@0.181.0/fs/exists.ts": "b8c8a457b71e9d7f29b9d2f87aad8dba2739cbe637e8926d6ba6e92567875f8e",
    "https://deno.land/std@0.181.0/http/_negotiation/common.ts": "14d1a52427ab258a4b7161cd80e1d8a207b7cc64b46e911780f57ead5f4323c6",
    "https://deno.land/std@0.181.0/http/_negotiation/encoding.ts": "ff747d107277c88cb7a6a62a08eeb8d56dad91564cbcccb30694d5dc126dcc53",
    "https://deno.land/std@0.181.0/http/_negotiation/language.ts": "7bcddd8db3330bdb7ce4fc00a213c5547c1968139864201efd67ef2d0d51887d",
    "https://deno.land/std@0.181.0/http/_negotiation/media_type.ts": "58847517cd549384ad677c0fe89e0a4815be36fe7a303ea63cee5f6a1d7e1692",
    "https://deno.land/std@0.181.0/http/cookie.ts": "934f92d871d50852dbd7a836d721df5a9527b14381db16001b40991d30174ee4",
    "https://deno.land/std@0.181.0/http/cookie_map.ts": "d148a5eaf35f19905dd5104126fa47ac71105306dd42f129732365e43108b28a",
    "https://deno.land/std@0.181.0/http/http_errors.ts": "b9a18ef97d6c5966964de95e04d1f9f88a0f8bd8577c26fd402d9d632fb03a42",
    "https://deno.land/std@0.181.0/http/http_status.ts": "8a7bcfe3ac025199ad804075385e57f63d055b2aed539d943ccc277616d6f932",
    "https://deno.land/std@0.181.0/http/mod.ts": "10b293bcf24072aef2e57e0b91523822952134d5301405f64121bab178017bdc",
    "https://deno.land/std@0.181.0/http/negotiation.ts": "46e74a6bad4b857333a58dc5b50fe8e5a4d5267e97292293ea65f980bd918086",
    "https://deno.land/std@0.181.0/http/server.ts": "cbb17b594651215ba95c01a395700684e569c165a567e4e04bba327f41197433",
    "https://deno.land/std@0.181.0/http/server_sent_event.ts": "856764c8c058605bb618272833990b1f88b6de0dcc460f0f09749ba7e99dd656",
    "https://deno.land/std@0.181.0/io/buf_writer.ts": "48c33c8f00b61dcbc7958706741cec8e59810bd307bc6a326cbd474fe8346dfd",
    "https://deno.land/std@0.181.0/log/handlers.ts": "38871ecbfa67b0d39dc3384210439ac9a13cba6118b912236f9011b5989b9a4d",
    "https://deno.land/std@0.181.0/log/levels.ts": "6309147664e9e008cd6671610f2505c4c95f181f6bae4816a84b33e0aec66859",
    "https://deno.land/std@0.181.0/log/logger.ts": "257ceb47e3f5f872068073de9809b015a7400e8d86dd40563c1d80169e578f71",
    "https://deno.land/std@0.181.0/log/mod.ts": "36d156ad18de3f1806c6ddafa4965129be99ccafc27f1813de528d65b6c528bf",
    "https://deno.land/std@0.181.0/types.d.ts": "dbaeb2c4d7c526db9828fc8df89d8aecf53b9ced72e0c4568f97ddd8cda616a4",
    "https://deno.land/std@0.183.0/_util/asserts.ts": "178dfc49a464aee693a7e285567b3d0b555dc805ff490505a8aae34f9cfb1462",
    "https://deno.land/std@0.183.0/_util/os.ts": "d932f56d41e4f6a6093d56044e29ce637f8dcc43c5a90af43504a889cf1775e3",
    "https://deno.land/std@0.183.0/path/_constants.ts": "e49961f6f4f48039c0dfed3c3f93e963ca3d92791c9d478ac5b43183413136e0",
    "https://deno.land/std@0.183.0/path/_interface.ts": "6471159dfbbc357e03882c2266d21ef9afdb1e4aa771b0545e90db58a0ba314b",
    "https://deno.land/std@0.183.0/path/_util.ts": "d7abb1e0dea065f427b89156e28cdeb32b045870acdf865833ba808a73b576d0",
    "https://deno.land/std@0.183.0/path/common.ts": "ee7505ab01fd22de3963b64e46cff31f40de34f9f8de1fff6a1bd2fe79380000",
    "https://deno.land/std@0.183.0/path/glob.ts": "d479e0a695621c94d3fd7fe7abd4f9499caf32a8de13f25073451c6ef420a4e1",
    "https://deno.land/std@0.183.0/path/mod.ts": "bf718f19a4fdd545aee1b06409ca0805bd1b68ecf876605ce632e932fe54510c",
    "https://deno.land/std@0.183.0/path/posix.ts": "8b7c67ac338714b30c816079303d0285dd24af6b284f7ad63da5b27372a2c94d",
    "https://deno.land/std@0.183.0/path/separator.ts": "0fb679739d0d1d7bf45b68dacfb4ec7563597a902edbaf3c59b50d5bcadd93b1",
    "https://deno.land/std@0.183.0/path/win32.ts": "d186344e5583bcbf8b18af416d13d82b35a317116e6460a5a3953508c3de5bba",
    "https://deno.land/std@0.186.0/_util/asserts.ts": "178dfc49a464aee693a7e285567b3d0b555dc805ff490505a8aae34f9cfb1462",
    "https://deno.land/std@0.186.0/crypto/_fnv/fnv32.ts": "e4649dfdefc5c987ed53c3c25db62db771a06d9d1b9c36d2b5cf0853b8e82153",
    "https://deno.land/std@0.186.0/crypto/_fnv/fnv64.ts": "bfa0e4702061fdb490a14e6bf5f9168a22fb022b307c5723499469bfefca555e",
    "https://deno.land/std@0.186.0/crypto/_fnv/mod.ts": "f956a95f58910f223e420340b7404702ecd429603acd4491fa77af84f746040c",
    "https://deno.land/std@0.186.0/crypto/_fnv/util.ts": "accba12bfd80a352e32a872f87df2a195e75561f1b1304a4cb4f5a4648d288f9",
    "https://deno.land/std@0.186.0/crypto/_wasm/lib/deno_std_wasm_crypto.generated.mjs": "bdd70a6183c6bdabc086ec2a5f828c86711b4201f1ba7954fc78385a664e8fae",
    "https://deno.land/std@0.186.0/crypto/_wasm/mod.ts": "e2df88236fc061eac7a89e8cb0b97843f5280b08b2a990e473b7397a3e566003",
    "https://deno.land/std@0.186.0/crypto/crypto.ts": "9895c267ed0107ef613244f6a88cef40a21da159d52b5d90aceca46fd2684bb1",
    "https://deno.land/std@0.186.0/crypto/keystack.ts": "877ab0f19eb7d37ad6495190d3c3e39f58e9c52e0b6a966f82fd6df67ca55f90",
    "https://deno.land/std@0.186.0/crypto/mod.ts": "ae384519e85eca9aeff4e7111ed153df8f3dbda7b35b70850ed4b3e9c8cec4d5",
    "https://deno.land/std@0.186.0/crypto/timing_safe_equal.ts": "0fae34ee02264f309ae0b6e54e9746a7aba3996e5454903ed106967a7a9ef665",
    "https://deno.land/std@0.186.0/crypto/to_hash_string.ts": "6927c768f3e373a1be4a31555a45ccecf7bd413105455cc334ad3f908cfa986f",
    "https://deno.land/std@0.186.0/encoding/base64.ts": "144ae6234c1fbe5b68666c711dc15b1e9ee2aef6d42b3b4345bf9a6c91d70d0d",
    "https://deno.land/std@0.186.0/encoding/base64url.ts": "2ed4ba122b20fedf226c5d337cf22ee2024fa73a8f85d915d442af7e9ce1fae1",
    "https://deno.land/std@0.186.0/encoding/hex.ts": "b4b1a7cb678745b0bf181ed8cf2498c7be00d121a7de244b752fbf9c7d9c48cd",
    "https://deno.land/std@0.187.0/_util/asserts.ts": "178dfc49a464aee693a7e285567b3d0b555dc805ff490505a8aae34f9cfb1462",
    "https://deno.land/std@0.187.0/async/deferred.ts": "42790112f36a75a57db4a96d33974a936deb7b04d25c6084a9fa8a49f135def8",
    "https://deno.land/std@0.187.0/async/delay.ts": "73aa04cec034c84fc748c7be49bb15cac3dd43a57174bfdb7a4aec22c248f0dd",
    "https://deno.land/std@0.187.0/bytes/copy.ts": "939d89e302a9761dcf1d9c937c7711174ed74c59eef40a1e4569a05c9de88219",
    "https://deno.land/std@0.187.0/io/buf_reader.ts": "06fff3337091c49e99ebd2dd790c9a90364c087a2953ea081667400fd6c6cebb",
    "https://deno.land/std@0.187.0/io/buf_writer.ts": "48c33c8f00b61dcbc7958706741cec8e59810bd307bc6a326cbd474fe8346dfd",
    "https://deno.land/std@0.187.0/types.d.ts": "dbaeb2c4d7c526db9828fc8df89d8aecf53b9ced72e0c4568f97ddd8cda616a4",
    "https://deno.land/x/redis@v0.29.4/backoff.ts": "33e4a6e245f8743fbae0ce583993a671a3ac2ecee433a3e7f0bd77b5dd541d84",
    "https://deno.land/x/redis@v0.29.4/command.ts": "9d1a679821c9065298fc2b8831b6532605426259b17a1f9d41ee9219180244c7",
    "https://deno.land/x/redis@v0.29.4/connection.ts": "335f0aa728b8e0b90353c4015daf5abaa7cae657739eb66cb48324f2d197dcc0",
    "https://deno.land/x/redis@v0.29.4/errors.ts": "589c41fc0fbd9fbac896a2517cf461a6af211432dd4bb77e0681f5a256d46e66",
    "https://deno.land/x/redis@v0.29.4/executor.ts": "0e78c2756f6d14fc0a001bb7527c50c7055880d8e052a9964ecf070a3045f8c7",
    "https://deno.land/x/redis@v0.29.4/mod.ts": "20908f005f5c102525ce6aa9261648c95c5f61c6cf782b2cbb2fce88b1220f69",
    "https://deno.land/x/redis@v0.29.4/pipeline.ts": "80cc26a881149264d51dd019f1044c4ec9012399eca9f516057dc81c9b439370",
    "https://deno.land/x/redis@v0.29.4/protocol/_util.ts": "0525f7f444a96b92cd36423abdfe221f8d8de4a018dc5cb6750a428a5fc897c2",
    "https://deno.land/x/redis@v0.29.4/protocol/command.ts": "610180ecfaad1d99b32c2a1e3fb41521e3374c4eac0314f2b6e27b2cb3d6a4d9",
    "https://deno.land/x/redis@v0.29.4/protocol/mod.ts": "f2601df31d8adc71785b5d19f6a7e43dfce94adbb6735c4dafc1fb129169d11a",
    "https://deno.land/x/redis@v0.29.4/protocol/reply.ts": "4b7432263924ca611f08af818436eafd9433eef07a835bc0338a08def5db1a30",
    "https://deno.land/x/redis@v0.29.4/protocol/types.ts": "6bf515b69712dfd4ab45caf1d0054b8fcdd6e1afb55b2bd9a221e9ecb066f658",
    "https://deno.land/x/redis@v0.29.4/pubsub.ts": "7764195d03a77aa0ee350cf7a955a16e6a023a4ce367f875c6c394e285cbfd9a",
    "https://deno.land/x/redis@v0.29.4/redis.ts": "dd1aed5b604f2514475dd7f78cc06b1f9f9dc17897f6f3ebda72ef3d5227b3be",
    "https://deno.land/x/redis@v0.29.4/stream.ts": "baed5a4e67d7c5c5a6ed424205c3e984383c5eadf74d7e0e068f8694865595e4",
    "https://deno.land/x/redis@v0.29.4/vendor/https/deno.land/std/async/deferred.ts": "028117b747a399f030f6dffd3eb585a8eef5ea813767c5e8968ad3df4d0d5677",
    "https://deno.land/x/redis@v0.29.4/vendor/https/deno.land/std/async/delay.ts": "3e062842ab150df23f26d347ae9871e97348868f345fd7f0cf930e0c0f521ee1",
    "https://deno.land/x/redis@v0.29.4/vendor/https/deno.land/std/io/buf_reader.ts": "b4adfdae8bdca88f5088be289d47c9a9500a37d9566fc78333074f5c49aa36e9",
    "https://deno.land/x/redis@v0.29.4/vendor/https/deno.land/std/io/buf_writer.ts": "12e497b3e1d1634a49744372820bc9831e1f1ad3ea3c349350ab375166b46a23",
    "https://deno.land/x/robo_arkiver@v0.4.14/mod.ts": "3f166f0fb0b772eae87525427bd6150c3eb23fea0111ab9cc2b83940a72bf408",
    "https://deno.land/x/robo_arkiver@v0.4.14/src/arkiver/arkive-metadata.ts": "cb215c002fc91acd12ce94a9a65a5c560555c91533d3660c3f1228b39f6b02b7",
    "https://deno.land/x/robo_arkiver@v0.4.14/src/arkiver/arkiver.ts": "8b3d1d8269f1b1dab666ae45f8d8518df1d08f267eb504965772ccfd0564d229",
    "https://deno.land/x/robo_arkiver@v0.4.14/src/arkiver/data-source.ts": "1e064ab397890cabef3457157288af2d34259778d66b1194bcf98d92f61d7759",
    "https://deno.land/x/robo_arkiver@v0.4.14/src/arkiver/manifest-builder.ts": "cf830e84433256949f25569d70574262072d004414fbaf3b53f6d7216bd131fe",
    "https://deno.land/x/robo_arkiver@v0.4.14/src/arkiver/manifest-validator.ts": "df210cc7b1537900ef196a016a3b222a83ab9c9a87a7ee65eb2987c630a4ce88",
    "https://deno.land/x/robo_arkiver@v0.4.14/src/arkiver/providers/interfaces.ts": "0f048fc8d8f6296220f32b378f1b86426f1f2b144aa96fa474c3871604f723de",
    "https://deno.land/x/robo_arkiver@v0.4.14/src/arkiver/providers/mongodb.ts": "bb4634f3d83ee3fef93c297cf1005b3d75788dea756df3faa4939342a7357f8b",
    "https://deno.land/x/robo_arkiver@v0.4.14/src/arkiver/store.ts": "c7f89caab378a61e940565ff381fb45e7dea381055fa1427e27af09e3a8b543d",
    "https://deno.land/x/robo_arkiver@v0.4.14/src/arkiver/types.ts": "0c9beda259fcb39d73b93c8b711255bcf87dcaa1924e9e06f6315318daa49bc1",
    "https://deno.land/x/robo_arkiver@v0.4.14/src/chains.ts": "c8688937a57502de4eefeb70a5b35a8dafce76ee6ab77db48a850ce873fa4eec",
    "https://deno.land/x/robo_arkiver@v0.4.14/src/deps.ts": "67bc7683c21b9b3b4c1fbb07023a3f4a3b19f3312275dade76ccbbeb7f67e4e7",
    "https://deno.land/x/robo_arkiver@v0.4.14/src/graphql/builder.ts": "16c60af2ecf8bb59928dfd3793aca3a30e1fc472d43a572fa5fd0d1e3860d2b0",
    "https://deno.land/x/robo_arkiver@v0.4.14/src/graphql/entity.ts": "2ffe65f4f5c2e84ce12c65389f406f691ac197dc96fa72eda715238c8be58cc5",
    "https://deno.land/x/robo_arkiver@v0.4.14/src/logger.ts": "55777c14947494a7e5fbfae5d759ff9b6727eb0d4a3e2841ace284b3126f4d12",
    "https://deno.land/x/robo_arkiver@v0.4.14/src/utils.ts": "9cdbb1e71c2d7fbc4583f40ecce999e4e8af28b36cf63bbef1873fe4d549e1dc",
    "https://deno.land/x/xhr@0.3.0/mod.ts": "094aacd627fd9635cd942053bf8032b5223b909858fa9dc8ffa583752ff63b20",
    "https://esm.sh/@supabase/supabase-js@2.5.0": "cbf9ee50be1e0560a90d363d06f835de3aeec42faa8fb4d91b649947115c7269",
    "https://esm.sh/v125/@supabase/functions-js@2.1.1/denonext/functions-js.mjs": "526f8d1e0fb967db5cad07a9abcbede495fc78a07f14c92e0ad042dcad8075b2",
    "https://esm.sh/v125/@supabase/functions-js@2.1.1/dist/module/FunctionsClient.d.ts": "c2e7bcf24374e6b99863f214eeef71e13d2c271039b48c9052c97f0cb3a16950",
    "https://esm.sh/v125/@supabase/functions-js@2.1.1/dist/module/index.d.ts": "1832b08edacd73b343430314bdf7af9ce456373fa3c5235b8dcdbbdf4e1d13ae",
    "https://esm.sh/v125/@supabase/functions-js@2.1.1/dist/module/types.d.ts": "085a4704c1c8969bcb9188fc018792f0c4e0387c465d26512ffc91d083767b76",
    "https://esm.sh/v125/@supabase/gotrue-js@2.28.1/denonext/gotrue-js.mjs": "5ac4332610ca0c3d6e65b7b8fa3466e460b6caef6f94a2df5f225778ae2609b0",
    "https://esm.sh/v125/@supabase/gotrue-js@2.28.1/dist/module/GoTrueAdminApi.d.ts": "b65243c1c313802cb84148d6f2de44f58b730b24b7812434d23c4120ddf8cafb",
    "https://esm.sh/v125/@supabase/gotrue-js@2.28.1/dist/module/GoTrueClient.d.ts": "dbcb5152c0c6e61583297038f7c8356634837daeb828613654f83f5087504a8d",
    "https://esm.sh/v125/@supabase/gotrue-js@2.28.1/dist/module/index.d.ts": "8cdbab5746a3ce56786025593191032aeb560f933279507c260d2bb65e83b636",
    "https://esm.sh/v125/@supabase/gotrue-js@2.28.1/dist/module/lib/errors.d.ts": "c472599ecee0d5a06e22629d18e9e2eac44139f98301fe2ba0389c3209d80ff5",
    "https://esm.sh/v125/@supabase/gotrue-js@2.28.1/dist/module/lib/fetch.d.ts": "0124365bdd93bdaefc37112cad6eafefdb01ae36c657770a64df7dbf5f305342",
    "https://esm.sh/v125/@supabase/gotrue-js@2.28.1/dist/module/lib/helpers.d.ts": "5ecb2cb22300da6b8f8f0a7c6ee8e1a6920ef274b2d2f4370320902f1950f363",
    "https://esm.sh/v125/@supabase/gotrue-js@2.28.1/dist/module/lib/types.d.ts": "6c72ff7fc3ccb9342a4d0360942ff5c3b4fdfa3f8a060252d5eae9f267248f97",
    "https://esm.sh/v125/@supabase/postgrest-js@1.7.0/denonext/postgrest-js.mjs": "163c1d3aba9ed83cae48e9e56c122a9b01003e08810b3e0a00ceadb887db15a7",
    "https://esm.sh/v125/@supabase/postgrest-js@1.7.0/dist/module/PostgrestBuilder.d.ts": "ee10b40dfca08fccf846e2d4f21e1273dd6170629e04e8454937b79c4a073195",
    "https://esm.sh/v125/@supabase/postgrest-js@1.7.0/dist/module/PostgrestClient.d.ts": "70bddc51d63d92a5f6817be70f4e0d232c6758b425792adb6a9912844aa18747",
    "https://esm.sh/v125/@supabase/postgrest-js@1.7.0/dist/module/PostgrestFilterBuilder.d.ts": "1b2934af0d34dd2501e7336c09ae6dedd89772739f714c8f03680965d0c264e9",
    "https://esm.sh/v125/@supabase/postgrest-js@1.7.0/dist/module/PostgrestQueryBuilder.d.ts": "438f51f19e22fbe512111f69ec3e1978b18eaaac1c31cbbaa45faa45fa933f37",
    "https://esm.sh/v125/@supabase/postgrest-js@1.7.0/dist/module/PostgrestTransformBuilder.d.ts": "965a3d89daa3b630e6f53ebc1494865f56724b787f4a4420e58fa5f80c387d40",
    "https://esm.sh/v125/@supabase/postgrest-js@1.7.0/dist/module/index.d.ts": "fffbd398e6b4db2b1320e819d395493f3169219cfec082e09787ae2bb02baaa3",
    "https://esm.sh/v125/@supabase/postgrest-js@1.7.0/dist/module/select-query-parser.d.ts": "ebfe9fac6290bec4b0e5b038504c496fb0867a2ff2c6d267ceac09256dc339a0",
    "https://esm.sh/v125/@supabase/postgrest-js@1.7.0/dist/module/types.d.ts": "b62bb9fdf20676f829bcf01b2348c9766b5d14a0451a964496e96ac49fcc2758",
    "https://esm.sh/v125/@supabase/realtime-js@2.7.2/denonext/dist/module/RealtimeChannel.js": "4e8090fff938d57322f568cab211cd46d72e1fafb724b32c00424db6e8caf6c1",
    "https://esm.sh/v125/@supabase/realtime-js@2.7.2/denonext/dist/module/RealtimeClient.js": "8fc4ceb90247b46ee28cac2f4ffe39b1196612e7f464481af6691696a6b8a484",
    "https://esm.sh/v125/@supabase/realtime-js@2.7.2/denonext/dist/module/RealtimePresence.js": "80c7a69e76f4c48381cad8041ddaa89c03fbe38841714c5e9064457176688736",
    "https://esm.sh/v125/@supabase/realtime-js@2.7.2/denonext/dist/module/lib/constants.js": "b73e33efd4d418d5a77bcf91e9a000c100b7528855efc02621b0d8d7047c81d0",
    "https://esm.sh/v125/@supabase/realtime-js@2.7.2/denonext/dist/module/lib/push.js": "3e86dae075168b3637f17ed4796635a387641f1b73d8d8c5779a46cd044adf66",
    "https://esm.sh/v125/@supabase/realtime-js@2.7.2/denonext/dist/module/lib/serializer.js": "76bfe6efa6c87fba0199513ae841c0d950644e465bccf940aef8545a5f9d791d",
    "https://esm.sh/v125/@supabase/realtime-js@2.7.2/denonext/dist/module/lib/timer.js": "3e9afb6f94c9237ed6c58051f4c4fdf6498c41cb05336a86f0fe8d1476a79f5a",
    "https://esm.sh/v125/@supabase/realtime-js@2.7.2/denonext/dist/module/lib/transformers.js": "2ccfe658441435e2120993cb0f8c16d4d51817f7bc5c81b57902e2cece75b9dd",
    "https://esm.sh/v125/@supabase/realtime-js@2.7.2/denonext/dist/module/lib/version.js": "d1e1c520b47ad55250b9ac6407aa40e27cc9fbf1839624fc41ee5f7f6763b14a",
    "https://esm.sh/v125/@supabase/realtime-js@2.7.2/denonext/realtime-js.mjs": "2732bc01566e8a4cb7ac0feb3681ef30dc48aa88f49ce038fc7c40859aa04292",
    "https://esm.sh/v125/@supabase/realtime-js@2.7.2/dist/module/RealtimeChannel": "26a2ebff30245e26ecfd72caae157bef7dbb7ab2f8569c062a5a8803eb207fc4",
    "https://esm.sh/v125/@supabase/realtime-js@2.7.2/dist/module/RealtimeChannel.d.ts": "552dd6777572d25797077730c113b3ea8d067a03a2c729b99b409e80e804dedb",
    "https://esm.sh/v125/@supabase/realtime-js@2.7.2/dist/module/RealtimeClient": "7f1dddf680fa1a8d025b2b956a3a4095264b9de981e2f4c0fe686be455dd7db2",
    "https://esm.sh/v125/@supabase/realtime-js@2.7.2/dist/module/RealtimeClient.d.ts": "1051d2176aa0bfcc715ec2f3b3ff7f0dbc289780884f78fbd896dac6a834a185",
    "https://esm.sh/v125/@supabase/realtime-js@2.7.2/dist/module/RealtimePresence": "102d00cec20da1352943c1bad14b7ab76e884806f75513a3480d9b6c6adfc271",
    "https://esm.sh/v125/@supabase/realtime-js@2.7.2/dist/module/RealtimePresence.d.ts": "a181289d0dca64c047e6a2232b2f6249390f50e66ba709448b7d805fdd0e8358",
    "https://esm.sh/v125/@supabase/realtime-js@2.7.2/dist/module/index.d.ts": "d9cb106abd747f493a75b5e9ee01ca9638d7bf160be02dd72120d3ac15fd52ca",
    "https://esm.sh/v125/@supabase/realtime-js@2.7.2/dist/module/lib/constants.d.ts": "b8392f2eb7cf41c3479c142875adbbe4b48bfafdced532165abc1cc68aa20cb5",
    "https://esm.sh/v125/@supabase/realtime-js@2.7.2/dist/module/lib/push.d.ts": "6c8e66ded1b50971ca48cbe5e33e02042f291b330f5010771925a054baec523d",
    "https://esm.sh/v125/@supabase/realtime-js@2.7.2/dist/module/lib/serializer.d.ts": "4990f875f6e9a1898655fdba7b822222f8b930bfb7c9253b4f047aa4b05d4ca1",
    "https://esm.sh/v125/@supabase/realtime-js@2.7.2/dist/module/lib/timer.d.ts": "ddf170afd193dc372316ed1f4a087f0e9732a5b8bd9cb9e5c3ac74f1cc676e31",
    "https://esm.sh/v125/@supabase/storage-js@2.5.1/denonext/storage-js.mjs": "bb09b3cf9f2bc39f7b8b9c739c8d4128ffb217cef9a0cf50c0dfa8353851f5ad",
    "https://esm.sh/v125/@supabase/storage-js@2.5.1/dist/module/StorageClient.d.ts": "716bdde7f3ea8f49606ac540ceb4b410facb9526668711ffb5676f7935f3408d",
    "https://esm.sh/v125/@supabase/storage-js@2.5.1/dist/module/index.d.ts": "07800a0eea5587ec26d8932a4f5f10871b9e017292ab05b74b27154fb5f98860",
    "https://esm.sh/v125/@supabase/storage-js@2.5.1/dist/module/lib/errors.d.ts": "753c82a97a0e1b05fec3989af93e4fbf2f4a3da3957584613768593ef5cc8bfc",
    "https://esm.sh/v125/@supabase/storage-js@2.5.1/dist/module/lib/fetch.d.ts": "18b68d37f6564cc754ade6371fc7e655a775e91b10abf0f45d0c037b93436761",
    "https://esm.sh/v125/@supabase/storage-js@2.5.1/dist/module/lib/types.d.ts": "bc29b8f4d3255b1a4de8fad248d4d639a7bd6f068811abc64e63e56fbf82cd75",
    "https://esm.sh/v125/@supabase/storage-js@2.5.1/dist/module/packages/StorageBucketApi.d.ts": "a208086081d13b7c864b62d35dcda19613662bc84470d792ef37ddcebccc5d70",
    "https://esm.sh/v125/@supabase/storage-js@2.5.1/dist/module/packages/StorageFileApi.d.ts": "9a9e6ff4099846b6ea5bfd7be67c2e8ddd3fb57233490147bd09466c7d1e6256",
    "https://esm.sh/v125/@supabase/supabase-js@2.5.0/denonext/supabase-js.mjs": "28d7c6a7fbf6c19889fd9804b9717439d8bf265bd29f3c4e8d2507cf2605f487",
    "https://esm.sh/v125/@supabase/supabase-js@2.5.0/dist/module/SupabaseClient.d.ts": "8dafe95588f58e5c8207ca284d8848496afb62c3ee4c1fcbe65c95cb89b68884",
    "https://esm.sh/v125/@supabase/supabase-js@2.5.0/dist/module/index.d.ts": "4b9d1267454d646e1dabbac5fa4065f7ef03587216114e225e56480828530f8f",
    "https://esm.sh/v125/@supabase/supabase-js@2.5.0/dist/module/lib/SupabaseAuthClient.d.ts": "8d6da78b0c16e963ff32ba71676e9bd3ed8c36a00e456e97257a43eaf18d7bf1",
    "https://esm.sh/v125/@supabase/supabase-js@2.5.0/dist/module/lib/types.d.ts": "1fc7b19c48f8959721b767bb01bf4d948073402e15c15c4210e940f8a5ee99b7",
    "https://esm.sh/v125/@types/phoenix@1.5.6/index.d.ts": "2b9f54bc632b077439fa3fb07a9daf30a77c668c27ef2ea14d3382acb445aca3",
    "https://esm.sh/v125/cross-fetch@3.1.6/denonext/cross-fetch.mjs": "0ea6f129766748ee7301e36206d3c930ebb7b7dc108f33c70ed3337aeb061e70",
    "https://esm.sh/v125/es5-ext@0.10.62/denonext/global.js": "2f51d9acef1f761faaa542da919b3c747744ea29fe709d0a904fd531716a93d6",
    "https://esm.sh/v125/node.ns.d.ts": "0fb081f0cd2150931bd54baa04f31466abd9ca701fd9060d07931402cf8367ba",
    "https://esm.sh/v125/websocket@1.0.34/denonext/websocket.mjs": "2ae27d94a28247703eab422f0106fcde9f8aa945b27ddc8ccc34e0ed2b95743d"
  },
  "npm": {
    "specifiers": {
      "@influxdata/influxdb-client": "@influxdata/influxdb-client@1.33.2",
      "abitype": "abitype@0.8.7_typescript@5.1.3",
      "arktype": "arktype@1.0.14-alpha",
      "graphql-compose": "graphql-compose@9.0.10",
      "graphql-compose-mongoose": "graphql-compose-mongoose@9.8.0_graphql-compose@9.0.10_mongoose@7.2.2",
      "graphql-yoga": "graphql-yoga@4.0.0_graphql@16.6.0",
      "lru-cache": "lru-cache@9.1.2",
      "mongoose": "mongoose@7.2.2",
      "viem": "viem@1.0.0_ws@8.12.0"
    },
    "packages": {
      "@adraffy/ens-normalize@1.9.0": {
        "integrity": "sha512-iowxq3U30sghZotgl4s/oJRci6WPBfNO5YYgk2cIOMCHr3LeGPcsZjCEr+33Q4N+oV3OABDAtA+pyvWjbvBifQ==",
        "dependencies": {}
      },
      "@envelop/core@4.0.0": {
        "integrity": "sha512-6usEZO86hWT0ZajAbhOX0QXlV++lrlEmu8br6KQVvyXOxttiHADIibgfzb3GtSI7RnnJDnrcRb7Jynv6Lca3iQ==",
        "dependencies": {
          "@envelop/types": "@envelop/types@4.0.0",
          "tslib": "tslib@2.5.3"
        }
      },
      "@envelop/types@4.0.0": {
        "integrity": "sha512-dmBK16VVfKCkqYYemvE+gt1cPBP0d9CbYO4yjNhSSYy9K+w6+Lw48wOLK238mSR339PNAvwj/JW/qzNy2llggA==",
        "dependencies": {
          "tslib": "tslib@2.5.3"
        }
      },
      "@graphql-tools/executor@1.1.0_graphql@16.6.0": {
        "integrity": "sha512-+1wmnaUHETSYxiK/ELsT60x584Rw3QKBB7F/7fJ83HKPnLifmE2Dm/K9Eyt6L0Ppekf1jNUbWBpmBGb8P5hAeg==",
        "dependencies": {
          "@graphql-tools/utils": "@graphql-tools/utils@10.0.1_graphql@16.6.0",
          "@graphql-typed-document-node/core": "@graphql-typed-document-node/core@3.2.0_graphql@16.6.0",
          "@repeaterjs/repeater": "@repeaterjs/repeater@3.0.4",
          "graphql": "graphql@16.6.0",
          "tslib": "tslib@2.5.3",
          "value-or-promise": "value-or-promise@1.0.12"
        }
      },
      "@graphql-tools/merge@9.0.0_graphql@16.6.0": {
        "integrity": "sha512-J7/xqjkGTTwOJmaJQJ2C+VDBDOWJL3lKrHJN4yMaRLAJH3PosB7GiPRaSDZdErs0+F77sH2MKs2haMMkywzx7Q==",
        "dependencies": {
          "@graphql-tools/utils": "@graphql-tools/utils@10.0.1_graphql@16.6.0",
          "graphql": "graphql@16.6.0",
          "tslib": "tslib@2.5.3"
        }
      },
      "@graphql-tools/schema@10.0.0_graphql@16.6.0": {
        "integrity": "sha512-kf3qOXMFcMs2f/S8Y3A8fm/2w+GaHAkfr3Gnhh2LOug/JgpY/ywgFVxO3jOeSpSEdoYcDKLcXVjMigNbY4AdQg==",
        "dependencies": {
          "@graphql-tools/merge": "@graphql-tools/merge@9.0.0_graphql@16.6.0",
          "@graphql-tools/utils": "@graphql-tools/utils@10.0.1_graphql@16.6.0",
          "graphql": "graphql@16.6.0",
          "tslib": "tslib@2.5.3",
          "value-or-promise": "value-or-promise@1.0.12"
        }
      },
      "@graphql-tools/utils@10.0.1_graphql@16.6.0": {
        "integrity": "sha512-i1FozbDGHgdsFA47V/JvQZ0FE8NAy0Eiz7HGCJO2MkNdZAKNnwei66gOq0JWYVFztwpwbVQ09GkKhq7Kjcq5Cw==",
        "dependencies": {
          "@graphql-typed-document-node/core": "@graphql-typed-document-node/core@3.2.0_graphql@16.6.0",
          "graphql": "graphql@16.6.0",
          "tslib": "tslib@2.5.3"
        }
      },
      "@graphql-typed-document-node/core@3.2.0_graphql@16.6.0": {
        "integrity": "sha512-mB9oAsNCm9aM3/SOv4YtBMqZbYj10R7dkq8byBqxGY/ncFwhf2oQzMV+LCRlWoDSEBJ3COiR1yeDvMtsoOsuFQ==",
        "dependencies": {
          "graphql": "graphql@16.6.0"
        }
      },
      "@graphql-yoga/logger@1.0.0": {
        "integrity": "sha512-JYoxwnPggH2BfO+dWlWZkDeFhyFZqaTRGLvFhy+Pjp2UxitEW6nDrw+pEDw/K9tJwMjIFMmTT9VfTqrnESmBHg==",
        "dependencies": {
          "tslib": "tslib@2.5.3"
        }
      },
      "@graphql-yoga/subscription@4.0.0": {
        "integrity": "sha512-0qsN/BPPZNMoC2CZ8i+P6PgiJyHh1H35aKDt37qARBDaIOKDQuvEOq7+4txUKElcmXi7DYFo109FkhSQoEajrg==",
        "dependencies": {
          "@graphql-yoga/typed-event-target": "@graphql-yoga/typed-event-target@2.0.0",
          "@repeaterjs/repeater": "@repeaterjs/repeater@3.0.4",
          "@whatwg-node/events": "@whatwg-node/events@0.1.1",
          "tslib": "tslib@2.5.3"
        }
      },
      "@graphql-yoga/typed-event-target@2.0.0": {
        "integrity": "sha512-oA/VGxGmaSDym1glOHrltw43qZsFwLLjBwvh57B79UKX/vo3+UQcRgOyE44c5RP7DCYjkrC2tuArZmb6jCzysw==",
        "dependencies": {
          "@repeaterjs/repeater": "@repeaterjs/repeater@3.0.4",
          "tslib": "tslib@2.5.3"
        }
      },
      "@influxdata/influxdb-client@1.33.2": {
        "integrity": "sha512-RT5SxH+grHAazo/YK3UTuWK/frPWRM0N7vkrCUyqVprDgQzlLP+bSK4ak2Jv3QVF/pazTnsxWjvtKZdwskV5Xw==",
        "dependencies": {}
      },
      "@noble/curves@1.0.0": {
        "integrity": "sha512-2upgEu0iLiDVDZkNLeFV2+ht0BAVgQnEmCk6JsOch9Rp8xfkMCbvbAZlA2pBHQc73dbl+vFOXfqkf4uemdn0bw==",
        "dependencies": {
          "@noble/hashes": "@noble/hashes@1.3.0"
        }
      },
      "@noble/hashes@1.3.0": {
        "integrity": "sha512-ilHEACi9DwqJB0pw7kv+Apvh50jiiSyR/cQ3y4W7lOR5mhvn/50FLUfsnfJz0BDZtl/RR16kXvptiv6q1msYZg==",
        "dependencies": {}
      },
      "@repeaterjs/repeater@3.0.4": {
        "integrity": "sha512-AW8PKd6iX3vAZ0vA43nOUOnbq/X5ihgU+mSXXqunMkeQADGiqw/PY0JNeYtD5sr0PAy51YPgAPbDoeapv9r8WA==",
        "dependencies": {}
      },
      "@scure/base@1.1.1": {
        "integrity": "sha512-ZxOhsSyxYwLJj3pLZCefNitxsj093tb2vq90mp2txoYeBqbcjDjqFhyM8eUjq/uFm6zJ+mUuqxlS2FkuSY1MTA==",
        "dependencies": {}
      },
      "@scure/bip32@1.3.0": {
        "integrity": "sha512-bcKpo1oj54hGholplGLpqPHRbIsnbixFtc06nwuNM5/dwSXOq/AAYoIBRsBmnZJSdfeNW5rnff7NTAz3ZCqR9Q==",
        "dependencies": {
          "@noble/curves": "@noble/curves@1.0.0",
          "@noble/hashes": "@noble/hashes@1.3.0",
          "@scure/base": "@scure/base@1.1.1"
        }
      },
      "@scure/bip39@1.2.0": {
        "integrity": "sha512-SX/uKq52cuxm4YFXWFaVByaSHJh2w3BnokVSeUJVCv6K7WulT9u2BuNRBhuFl8vAuYnzx9bEu9WgpcNYTrYieg==",
        "dependencies": {
          "@noble/hashes": "@noble/hashes@1.3.0",
          "@scure/base": "@scure/base@1.1.1"
        }
      },
      "@types/node@20.2.5": {
        "integrity": "sha512-JJulVEQXmiY9Px5axXHeYGLSjhkZEnD+MDPDGbCbIAbMslkKwmygtZFy1X6s/075Yo94sf8GuSlFfPzysQrWZQ==",
        "dependencies": {}
      },
      "@types/webidl-conversions@7.0.0": {
        "integrity": "sha512-xTE1E+YF4aWPJJeUzaZI5DRntlkY3+BCVJi0axFptnjGmAoWxkyREIh/XMrfxVLejwQxMCfDXdICo0VLxThrog==",
        "dependencies": {}
      },
      "@types/whatwg-url@8.2.2": {
        "integrity": "sha512-FtQu10RWgn3D9U4aazdwIE2yzphmTJREDqNdODHrbrZmmMqI0vMheC/6NE/J1Yveaj8H+ela+YwWTjq5PGmuhA==",
        "dependencies": {
          "@types/node": "@types/node@20.2.5",
          "@types/webidl-conversions": "@types/webidl-conversions@7.0.0"
        }
      },
      "@wagmi/chains@1.1.0": {
        "integrity": "sha512-pWZlxBk0Ql8E7DV8DwqlbBpOyUdaG9UDlQPBxJNALuEK1I0tbQ3AVvSDnlsEIt06UPmPo5o27gzs3hwPQ/A+UA==",
        "dependencies": {}
      },
      "@whatwg-node/events@0.1.1": {
        "integrity": "sha512-AyQEn5hIPV7Ze+xFoXVU3QTHXVbWPrzaOkxtENMPMuNL6VVHrp4hHfDt9nrQpjO7BgvuM95dMtkycX5M/DZR3w==",
        "dependencies": {}
      },
      "@whatwg-node/fetch@0.9.4": {
        "integrity": "sha512-nR0nZeOCy4M4ep/nwuGdQxRlOrHqmA5M3t+laOAsPEwwnpoTmA4DSuopyD5Dqk7+sFaOiX328HeGhvwj4HHdng==",
        "dependencies": {
          "@whatwg-node/node-fetch": "@whatwg-node/node-fetch@0.4.3",
          "urlpattern-polyfill": "urlpattern-polyfill@9.0.0"
        }
      },
      "@whatwg-node/node-fetch@0.4.3": {
        "integrity": "sha512-C+nki+rxOM4mEfQwxohx4QXlPV96oQfQNFR94/3jp125vh+UW/r0CAG/ELUFQSJIcSFAQJarq+mZGiv46Jg7ag==",
        "dependencies": {
          "@whatwg-node/events": "@whatwg-node/events@0.1.1",
          "busboy": "busboy@1.6.0",
          "fast-querystring": "fast-querystring@1.1.2",
          "fast-url-parser": "fast-url-parser@1.1.3",
          "tslib": "tslib@2.5.3"
        }
      },
      "@whatwg-node/server@0.8.7": {
        "integrity": "sha512-pxopuoWn9n58eHrhwkApgtqI3oALezOzq4iwv5JKHYjAOo5SQ9tH+V2d4/lW4wRcAaZxcbYSyjXBHE/ztxHXnA==",
        "dependencies": {
          "@whatwg-node/fetch": "@whatwg-node/fetch@0.9.4",
          "tslib": "tslib@2.5.3"
        }
      },
      "abitype@0.8.7_typescript@5.1.3": {
        "integrity": "sha512-wQ7hV8Yg/yKmGyFpqrNZufCxbszDe5es4AZGYPBitocfSqXtjrTG9JMWFcc4N30ukl2ve48aBTwt7NJxVQdU3w==",
        "dependencies": {
          "typescript": "typescript@5.1.3"
        }
      },
      "arktype@1.0.14-alpha": {
        "integrity": "sha512-theD5K4QrYCWMtQ52Masj169IgtMJ8Argld/MBS4lotEwR3b+GzfBvsqVJ1OIKhJDTdES02FLQTjcfRe00//mA==",
        "dependencies": {}
      },
      "bson@5.3.0": {
        "integrity": "sha512-ukmCZMneMlaC5ebPHXIkP8YJzNl5DC41N5MAIvKDqLggdao342t4McltoJBQfQya/nHBWAcSsYRqlXPoQkTJag==",
        "dependencies": {}
      },
      "busboy@1.6.0": {
        "integrity": "sha512-8SFQbg/0hQ9xy3UNTB0YEnsNBbWfhf7RtnzpL7TkBiTBRfrQ9Fxcnz7VJsleJpyp6rVLvXiuORqjlHi5q+PYuA==",
        "dependencies": {
          "streamsearch": "streamsearch@1.1.0"
        }
      },
      "dataloader@2.2.2": {
        "integrity": "sha512-8YnDaaf7N3k/q5HnTJVuzSyLETjoZjVmHc4AeKAzOvKHEFQKcn64OKBfzHYtE9zGjctNM7V9I0MfnUVLpi7M5g==",
        "dependencies": {}
      },
      "debug@4.3.4": {
        "integrity": "sha512-PRWFHuSU3eDtQJPvnNY7Jcket1j0t5OuOsFzPPzsekD52Zl8qUfFIPEiswXqIvHWGVHOgX+7G/vCNNhehwxfkQ==",
        "dependencies": {
          "ms": "ms@2.1.2"
        }
      },
      "dset@3.1.2": {
        "integrity": "sha512-g/M9sqy3oHe477Ar4voQxWtaPIFw1jTdKZuomOjhCcBx9nHUNn0pu6NopuFFrTh/TRZIKEj+76vLWFu9BNKk+Q==",
        "dependencies": {}
      },
      "fast-decode-uri-component@1.0.1": {
        "integrity": "sha512-WKgKWg5eUxvRZGwW8FvfbaH7AXSh2cL+3j5fMGzUMCxWBJ3dV3a7Wz8y2f/uQ0e3B6WmodD3oS54jTQ9HVTIIg==",
        "dependencies": {}
      },
      "fast-querystring@1.1.2": {
        "integrity": "sha512-g6KuKWmFXc0fID8WWH0jit4g0AGBoJhCkJMb1RmbsSEUNvQ+ZC8D6CUZ+GtF8nMzSPXnhiePyyqqipzNNEnHjg==",
        "dependencies": {
          "fast-decode-uri-component": "fast-decode-uri-component@1.0.1"
        }
      },
      "fast-url-parser@1.1.3": {
        "integrity": "sha512-5jOCVXADYNuRkKFzNJ0dCCewsZiYo0dz8QNYljkOpFC6r2U4OBmKtvm/Tsuh4w1YYdDqDb31a8TVhBJ2OJKdqQ==",
        "dependencies": {
          "punycode": "punycode@1.4.1"
        }
      },
      "graphql-compose-connection@8.2.1_graphql-compose@9.0.10": {
        "integrity": "sha512-75QOx1HusfkLzDlF+RMGoC0UowbZ2R7/xFRIMfbQf1gc6eeRqiGmTWFxHaUYk2WjTAB4dGO7p/gllfwqO0W/TA==",
        "dependencies": {
          "graphql-compose": "graphql-compose@9.0.10"
        }
      },
      "graphql-compose-mongoose@9.8.0_graphql-compose@9.0.10_mongoose@7.2.2": {
        "integrity": "sha512-gf5ss5UkMNqOjdr3AO7K2eF5Ak5bGT8f+eO55oMWtA8CivH5klTfP7d6+p81KaCAN0ClrAyb6qDhWosD4TYL9A==",
        "dependencies": {
          "dataloader": "dataloader@2.2.2",
          "graphql-compose": "graphql-compose@9.0.10",
          "graphql-compose-connection": "graphql-compose-connection@8.2.1_graphql-compose@9.0.10",
          "graphql-compose-pagination": "graphql-compose-pagination@8.3.0_graphql-compose@9.0.10",
          "mongoose": "mongoose@7.2.2"
        }
      },
      "graphql-compose-pagination@8.3.0_graphql-compose@9.0.10": {
        "integrity": "sha512-zZoBhlWD9KnAJ9AUOeFNeoE4Q/zMxZaxg0tR+HFMVNFnw7ENUnIChMWnD2uvmvik+k8Yv304hMF4n81okGVsJw==",
        "dependencies": {
          "graphql-compose": "graphql-compose@9.0.10"
        }
      },
      "graphql-compose@9.0.10": {
        "integrity": "sha512-UsVoxfi2+c8WbHl2pEB+teoRRZoY4mbWBoijeLDGpAZBSPChnqtSRjp+T9UcouLCwGr5ooNyOQLoI3OVzU1bPQ==",
        "dependencies": {
          "graphql-type-json": "graphql-type-json@0.3.2_graphql@16.6.0"
        }
      },
      "graphql-type-json@0.3.2_graphql@16.6.0": {
        "integrity": "sha512-J+vjof74oMlCWXSvt0DOf2APEdZOCdubEvGDUAlqH//VBYcOYsGgRW7Xzorr44LvkjiuvecWc8fChxuZZbChtg==",
        "dependencies": {
          "graphql": "graphql@16.6.0"
        }
      },
      "graphql-yoga@4.0.0_graphql@16.6.0": {
        "integrity": "sha512-xsuokjfm2mcc3+XDk3x3ilMw8Ztm5ADkdFxWovpjBZOpaTbOPWrOKf2tAGEFbBZq+xb6+g1wSaBRcu30DLCA+Q==",
        "dependencies": {
          "@envelop/core": "@envelop/core@4.0.0",
          "@graphql-tools/executor": "@graphql-tools/executor@1.1.0_graphql@16.6.0",
          "@graphql-tools/schema": "@graphql-tools/schema@10.0.0_graphql@16.6.0",
          "@graphql-tools/utils": "@graphql-tools/utils@10.0.1_graphql@16.6.0",
          "@graphql-yoga/logger": "@graphql-yoga/logger@1.0.0",
          "@graphql-yoga/subscription": "@graphql-yoga/subscription@4.0.0",
          "@whatwg-node/fetch": "@whatwg-node/fetch@0.9.4",
          "@whatwg-node/server": "@whatwg-node/server@0.8.7",
          "dset": "dset@3.1.2",
          "graphql": "graphql@16.6.0",
          "lru-cache": "lru-cache@9.1.2",
          "tslib": "tslib@2.5.3"
        }
      },
      "graphql@16.6.0": {
        "integrity": "sha512-KPIBPDlW7NxrbT/eh4qPXz5FiFdL5UbaA0XUNz2Rp3Z3hqBSkbj0GVjwFDztsWVauZUWsbKHgMg++sk8UX0bkw==",
        "dependencies": {}
      },
      "ip@2.0.0": {
        "integrity": "sha512-WKa+XuLG1A1R0UWhl2+1XQSi+fZWMsYKffMZTTYsiZaUD8k2yDAj5atimTUD2TZkyCkNEeYE5NhFZmupOGtjYQ==",
        "dependencies": {}
      },
      "isomorphic-ws@5.0.0_ws@8.12.0": {
        "integrity": "sha512-muId7Zzn9ywDsyXgTIafTry2sV3nySZeUDe6YedVd1Hvuuep5AsIlqK+XefWpYTyJG5e503F2xIuT2lcU6rCSw==",
        "dependencies": {
          "ws": "ws@8.12.0"
        }
      },
      "kareem@2.5.1": {
        "integrity": "sha512-7jFxRVm+jD+rkq3kY0iZDJfsO2/t4BBPeEb2qKn2lR/9KhuksYk5hxzfRYWMPV8P/x2d0kHD306YyWLzjjH+uA==",
        "dependencies": {}
      },
      "lru-cache@9.1.2": {
        "integrity": "sha512-ERJq3FOzJTxBbFjZ7iDs+NiK4VI9Wz+RdrrAB8dio1oV+YvdPzUEE4QNiT2VD51DkIbCYRUUzCRkssXCHqSnKQ==",
        "dependencies": {}
      },
      "memory-pager@1.5.0": {
        "integrity": "sha512-ZS4Bp4r/Zoeq6+NLJpP+0Zzm0pR8whtGPf1XExKLJBAczGMnSi3It14OiNCStjQjM6NU1okjQGSxgEZN8eBYKg==",
        "dependencies": {}
      },
      "mongodb-connection-string-url@2.6.0": {
        "integrity": "sha512-WvTZlI9ab0QYtTYnuMLgobULWhokRjtC7db9LtcVfJ+Hsnyr5eo6ZtNAt3Ly24XZScGMelOcGtm7lSn0332tPQ==",
        "dependencies": {
          "@types/whatwg-url": "@types/whatwg-url@8.2.2",
          "whatwg-url": "whatwg-url@11.0.0"
        }
      },
      "mongodb@5.5.0": {
        "integrity": "sha512-XgrkUgAAdfnZKQfk5AsYL8j7O99WHd4YXPxYxnh8dZxD+ekYWFRA3JktUsBnfg+455Smf75/+asoU/YLwNGoQQ==",
        "dependencies": {
          "bson": "bson@5.3.0",
          "mongodb-connection-string-url": "mongodb-connection-string-url@2.6.0",
          "saslprep": "saslprep@1.0.3",
          "socks": "socks@2.7.1"
        }
      },
      "mongoose@7.2.2": {
        "integrity": "sha512-JPBMTF+oYfLGVFWbHSZ/H+f1GajNanGLYH6c/P0nE3bNJfwGhX573vieGR0kNlNhj3cZk8WCPrnVsTNeUmFUag==",
        "dependencies": {
          "bson": "bson@5.3.0",
          "kareem": "kareem@2.5.1",
          "mongodb": "mongodb@5.5.0",
          "mpath": "mpath@0.9.0",
          "mquery": "mquery@5.0.0",
          "ms": "ms@2.1.3",
          "sift": "sift@16.0.1"
        }
      },
      "mpath@0.9.0": {
        "integrity": "sha512-ikJRQTk8hw5DEoFVxHG1Gn9T/xcjtdnOKIU1JTmGjZZlg9LST2mBLmcX3/ICIbgJydT2GOc15RnNy5mHmzfSew==",
        "dependencies": {}
      },
      "mquery@5.0.0": {
        "integrity": "sha512-iQMncpmEK8R8ncT8HJGsGc9Dsp8xcgYMVSbs5jgnm1lFHTZqMJTUWTDx1LBO8+mK3tPNZWFLBghQEIOULSTHZg==",
        "dependencies": {
          "debug": "debug@4.3.4"
        }
      },
      "ms@2.1.2": {
        "integrity": "sha512-sGkPx+VjMtmA6MX27oA4FBFELFCZZ4S4XqeGOXCv68tT+jb3vk/RyaKWP0PTKyWtmLSM0b+adUTEvbs1PEaH2w==",
        "dependencies": {}
      },
      "ms@2.1.3": {
        "integrity": "sha512-6FlzubTLZG3J2a/NVCAleEhjzq5oxgHyaCU9yYXvcLsvoVaHJq/s5xXI6/XXP6tz7R9xAOtHnSO/tXtF3WRTlA==",
        "dependencies": {}
      },
      "punycode@1.4.1": {
        "integrity": "sha512-jmYNElW7yvO7TV33CjSmvSiE2yco3bV2czu/OzDKdMNVZQWfxCblURLhf+47syQRBntjfLdd/H0egrzIG+oaFQ==",
        "dependencies": {}
      },
      "punycode@2.3.0": {
        "integrity": "sha512-rRV+zQD8tVFys26lAGR9WUuS4iUAngJScM+ZRSKtvl5tKeZ2t5bvdNFdNHBW9FWR4guGHlgmsZ1G7BSm2wTbuA==",
        "dependencies": {}
      },
      "saslprep@1.0.3": {
        "integrity": "sha512-/MY/PEMbk2SuY5sScONwhUDsV2p77Znkb/q3nSVstq/yQzYJOH/Azh29p9oJLsl3LnQwSvZDKagDGBsBwSooag==",
        "dependencies": {
          "sparse-bitfield": "sparse-bitfield@3.0.3"
        }
      },
      "sift@16.0.1": {
        "integrity": "sha512-Wv6BjQ5zbhW7VFefWusVP33T/EM0vYikCaQ2qR8yULbsilAT8/wQaXvuQ3ptGLpoKx+lihJE3y2UTgKDyyNHZQ==",
        "dependencies": {}
      },
      "smart-buffer@4.2.0": {
        "integrity": "sha512-94hK0Hh8rPqQl2xXc3HsaBoOXKV20MToPkcXvwbISWLEs+64sBq5kFgn2kJDHb1Pry9yrP0dxrCI9RRci7RXKg==",
        "dependencies": {}
      },
      "socks@2.7.1": {
        "integrity": "sha512-7maUZy1N7uo6+WVEX6psASxtNlKaNVMlGQKkG/63nEDdLOWNbiUMoLK7X4uYoLhQstau72mLgfEWcXcwsaHbYQ==",
        "dependencies": {
          "ip": "ip@2.0.0",
          "smart-buffer": "smart-buffer@4.2.0"
        }
      },
      "sparse-bitfield@3.0.3": {
        "integrity": "sha512-kvzhi7vqKTfkh0PZU+2D2PIllw2ymqJKujUcyPMd9Y75Nv4nPbGJZXNhxsgdQab2BmlDct1YnfQCguEvHr7VsQ==",
        "dependencies": {
          "memory-pager": "memory-pager@1.5.0"
        }
      },
      "streamsearch@1.1.0": {
        "integrity": "sha512-Mcc5wHehp9aXz1ax6bZUyY5afg9u2rv5cqQI3mRrYkGC8rW2hM02jWuwjtL++LS5qinSyhj2QfLyNsuc+VsExg==",
        "dependencies": {}
      },
      "tr46@3.0.0": {
        "integrity": "sha512-l7FvfAHlcmulp8kr+flpQZmVwtu7nfRV7NZujtN0OqES8EL4O4e0qqzL0DC5gAvx/ZC/9lk6rhcUwYvkBnBnYA==",
        "dependencies": {
          "punycode": "punycode@2.3.0"
        }
      },
      "tslib@2.5.3": {
        "integrity": "sha512-mSxlJJwl3BMEQCUNnxXBU9jP4JBktcEGhURcPR6VQVlnP0FdDEsIaz0C35dXNGLyRfrATNofF0F5p2KPxQgB+w==",
        "dependencies": {}
      },
      "typescript@5.1.3": {
        "integrity": "sha512-XH627E9vkeqhlZFQuL+UsyAXEnibT0kWR2FWONlr4sTjvxyJYnyefgrkyECLzM5NenmKzRAy2rR/OlYLA1HkZw==",
        "dependencies": {}
      },
      "urlpattern-polyfill@9.0.0": {
        "integrity": "sha512-WHN8KDQblxd32odxeIgo83rdVDE2bvdkb86it7bMhYZwWKJz0+O0RK/eZiHYnM+zgt/U7hAHOlCQGfjjvSkw2g==",
        "dependencies": {}
      },
      "value-or-promise@1.0.12": {
        "integrity": "sha512-Z6Uz+TYwEqE7ZN50gwn+1LCVo9ZVrpxRPOhOLnncYkY1ZzOYtrX8Fwf/rFktZ8R5mJms6EZf5TqNOMeZmnPq9Q==",
        "dependencies": {}
      },
      "viem@1.0.0_ws@8.12.0": {
        "integrity": "sha512-JqdO5TYSuv+/cV9xOmHUKB6qXeyLHtl3gcYYHnfFstfdzivfBttmKtwHiZPdffvcr5DqKsYFT5LLrFnfz5vfLQ==",
        "dependencies": {
          "@adraffy/ens-normalize": "@adraffy/ens-normalize@1.9.0",
          "@noble/curves": "@noble/curves@1.0.0",
          "@noble/hashes": "@noble/hashes@1.3.0",
          "@scure/bip32": "@scure/bip32@1.3.0",
          "@scure/bip39": "@scure/bip39@1.2.0",
          "@wagmi/chains": "@wagmi/chains@1.1.0",
          "abitype": "abitype@0.8.7_typescript@5.1.3",
          "isomorphic-ws": "isomorphic-ws@5.0.0_ws@8.12.0",
          "ws": "ws@8.12.0"
        }
      },
      "webidl-conversions@7.0.0": {
        "integrity": "sha512-VwddBukDzu71offAQR975unBIGqfKZpM+8ZX6ySk8nYhVoo5CYaZyzt3YBvYtRtO+aoGlqxPg/B87NGVZ/fu6g==",
        "dependencies": {}
      },
      "whatwg-url@11.0.0": {
        "integrity": "sha512-RKT8HExMpoYx4igMiVMY83lN6UeITKJlBQ+vR/8ZJ8OCdSiN3RwCq+9gH0+Xzj0+5IrM6i4j/6LuvzbZIQgEcQ==",
        "dependencies": {
          "tr46": "tr46@3.0.0",
          "webidl-conversions": "webidl-conversions@7.0.0"
        }
      },
      "ws@8.12.0": {
        "integrity": "sha512-kU62emKIdKVeEIOIKVegvqpXMSTAMLJozpHZaJNDYqBjzlSYXQGviYwN1osDLJ9av68qHd4a2oSjd7yD4pacig==",
        "dependencies": {}
      }
    }
  }
}
